
Microsoft Visual Studio Solution File, Format Version 12.00
# Visual Studio 14
VisualStudioVersion = 14.0.25420.1
MinimumVisualStudioVersion = 10.0.40219.1
Project("{FAE04EC0-301F-11D3-BF4B-00C04F79EFBC}") = "Core", "Core\Core.csproj", "{56D0BB47-8292-419B-A557-5CADB22E4BD9}"
EndProject
Project("{FAE04EC0-301F-11D3-BF4B-00C04F79EFBC}") = "Console", "Console\Console.csproj", "{6F500ED0-A24C-4A2D-A8C1-752676178EB1}"
EndProject
Global
	GlobalSection(SolutionConfigurationPlatforms) = preSolution
		Debug|Any CPU = Debug|Any CPU
		Release|Any CPU = Release|Any CPU
	EndGlobalSection
	GlobalSection(ProjectConfigurationPlatforms) = postSolution
		{56D0BB47-8292-419B-A557-5CADB22E4BD9}.Debug|Any CPU.ActiveCfg = Debug|Any CPU
		{56D0BB47-8292-419B-A557-5CADB22E4BD9}.Debug|Any CPU.Build.0 = Debug|Any CPU
		{56D0BB47-8292-419B-A557-5CADB22E4BD9}.Release|Any CPU.ActiveCfg = Release|Any CPU
		{56D0BB47-8292-419B-A557-5CADB22E4BD9}.Release|Any CPU.Build.0 = Release|Any CPU
		{6F500ED0-A24C-4A2D-A8C1-752676178EB1}.Debug|Any CPU.ActiveCfg = Debug|Any CPU
		{6F500ED0-A24C-4A2D-A8C1-752676178EB1}.Debug|Any CPU.Build.0 = Debug|Any CPU
		{6F500ED0-A24C-4A2D-A8C1-752676178EB1}.Release|Any CPU.ActiveCfg = Release|Any CPU
		{6F500ED0-A24C-4A2D-A8C1-752676178EB1}.Release|Any CPU.Build.0 = Release|Any CPU
	EndGlobalSection
	GlobalSection(SolutionProperties) = preSolution
		HideSolutionNode = FALSE
	EndGlobalSection
EndGlobal
